
Microsoft Visual Studio Solution File, Format Version 12.00
# Visual Studio Version 17
VisualStudioVersion = 17.14.36414.22 d17.14
MinimumVisualStudioVersion = 10.0.40219.1
Project("{FAE04EC0-301F-11D3-BF4B-00C04F79EFBC}") = "SafeCam", "SafeCam.csproj", "{BF95D614-5FE4-499D-BFA8-1BF4CAA4A155}"
EndProject
Global
	GlobalSection(SolutionConfigurationPlatforms) = preSolution
		Debug|Any CPU = Debug|Any CPU
		Release|Any CPU = Release|Any CPU
	EndGlobalSection
	GlobalSection(ProjectConfigurationPlatforms) = postSolution
		{BF95D614-5FE4-499D-BFA8-1BF4CAA4A155}.Debug|Any CPU.ActiveCfg = Debug|Any CPU
		{BF95D614-5FE4-499D-BFA8-1BF4CAA4A155}.Debug|Any CPU.Build.0 = Debug|Any CPU
		{BF95D614-5FE4-499D-BFA8-1BF4CAA4A155}.Release|Any CPU.ActiveCfg = Release|Any CPU
		{BF95D614-5FE4-499D-BFA8-1BF4CAA4A155}.Release|Any CPU.Build.0 = Release|Any CPU
	EndGlobalSection
	GlobalSection(SolutionProperties) = preSolution
		HideSolutionNode = FALSE
	EndGlobalSection
	GlobalSection(ExtensibilityGlobals) = postSolution
		SolutionGuid = {FB7EB5F6-091F-4D3C-AED7-25C11AFCF0ED}
	EndGlobalSection
EndGlobal
